// !$*UTF8*$!
{
	archiveVersion = 1;
	classes = {
	};
	objectVersion = 50;
	objects = {

/* Begin PBXBuildFile section */
		A59513FC25821F0600EC09F6 /* HW3_1App.swift in Sources */ = {isa = PBXBuildFile; fileRef = A59513FB25821F0600EC09F6 /* HW3_1App.swift */; };
		A59513FE25821F0600EC09F6 /* TrafficLight.swift in Sources */ = {isa = PBXBuildFile; fileRef = A59513FD25821F0600EC09F6 /* TrafficLight.swift */; };
		A595140025821F0900EC09F6 /* Assets.xcassets in Resources */ = {isa = PBXBuildFile; fileRef = A59513FF25821F0900EC09F6 /* Assets.xcassets */; };
		A595140325821F0900EC09F6 /* Preview Assets.xcassets in Resources */ = {isa = PBXBuildFile; fileRef = A595140225821F0900EC09F6 /* Preview Assets.xcassets */; };
		A595140D258222F800EC09F6 /* Light.swift in Sources */ = {isa = PBXBuildFile; fileRef = A595140C258222F800EC09F6 /* Light.swift */; };
		A595141025824AC100EC09F6 /* Extension + View.swift in Sources */ = {isa = PBXBuildFile; fileRef = A595140F25824AC100EC09F6 /* Extension + View.swift */; };
/* End PBXBuildFile section */

/* Begin PBXFileReference section */
		A59513F825821F0600EC09F6 /* HW3.1.app */ = {isa = PBXFileReference; explicitFileType = wrapper.application; includeInIndex = 0; path = HW3.1.app; sourceTree = BUILT_PRODUCTS_DIR; };
		A59513FB25821F0600EC09F6 /* HW3_1App.swift */ = {isa = PBXFileReference; lastKnownFileType = sourcecode.swift; path = HW3_1App.swift; sourceTree = "<group>"; };
		A59513FD25821F0600EC09F6 /* TrafficLight.swift */ = {isa = PBXFileReference; lastKnownFileType = sourcecode.swift; path = TrafficLight.swift; sourceTree = "<group>"; };
		A59513FF25821F0900EC09F6 /* Assets.xcassets */ = {isa = PBXFileReference; lastKnownFileType = folder.assetcatalog; path = Assets.xcassets; sourceTree = "<group>"; };
		A595140225821F0900EC09F6 /* Preview Assets.xcassets */ = {isa = PBXFileReference; lastKnownFileType = folder.assetcatalog; path = "Preview Assets.xcassets"; sourceTree = "<group>"; };
		A595140425821F0900EC09F6 /* Info.plist */ = {isa = PBXFileReference; lastKnownFileType = text.plist.xml; path = Info.plist; sourceTree = "<group>"; };
		A595140C258222F800EC09F6 /* Light.swift */ = {isa = PBXFileReference; lastKnownFileType = sourcecode.swift; path = Light.swift; sourceTree = "<group>"; };
		A595140F25824AC100EC09F6 /* Extension + View.swift */ = {isa = PBXFileReference; lastKnownFileType = sourcecode.swift; path = "Extension + View.swift"; sourceTree = "<group>"; };
/* End PBXFileReference section */

/* Begin PBXFrameworksBuildPhase section */
		A59513F525821F0600EC09F6 /* Frameworks */ = {
			isa = PBXFrameworksBuildPhase;
			buildActionMask = 2147483647;
			files = (
			);
			runOnlyForDeploymentPostprocessing = 0;
		};
/* End PBXFrameworksBuildPhase section */

/* Begin PBXGroup section */
		A59513EF25821F0600EC09F6 = {
			isa = PBXGroup;
			children = (
				A59513FA25821F0600EC09F6 /* HW3.1 */,
				A59513F925821F0600EC09F6 /* Products */,
			);
			sourceTree = "<group>";
		};
		A59513F925821F0600EC09F6 /* Products */ = {
			isa = PBXGroup;
			children = (
				A59513F825821F0600EC09F6 /* HW3.1.app */,
			);
			name = Products;
			sourceTree = "<group>";
		};
		A59513FA25821F0600EC09F6 /* HW3.1 */ = {
			isa = PBXGroup;
			children = (
				A59513FB25821F0600EC09F6 /* HW3_1App.swift */,
				A59513FD25821F0600EC09F6 /* TrafficLight.swift */,
				A595140F25824AC100EC09F6 /* Extension + View.swift */,
				A595140C258222F800EC09F6 /* Light.swift */,
				A59513FF25821F0900EC09F6 /* Assets.xcassets */,
				A595140425821F0900EC09F6 /* Info.plist */,
				A595140125821F0900EC09F6 /* Preview Content */,
			);
			path = HW3.1;
			sourceTree = "<group>";
		};
		A595140125821F0900EC09F6 /* Preview Content */ = {
			isa = PBXGroup;
			children = (
				A595140225821F0900EC09F6 /* Preview Assets.xcassets */,
			);
			path = "Preview Content";
			sourceTree = "<group>";
		};
/* End PBXGroup section */

/* Begin PBXNativeTarget section */
		A59513F725821F0600EC09F6 /* HW3.1 */ = {
			isa = PBXNativeTarget;
			buildConfigurationList = A595140725821F0900EC09F6 /* Build configuration list for PBXNativeTarget "HW3.1" */;
			buildPhases = (
				A59513F425821F0600EC09F6 /* Sources */,
				A59513F525821F0600EC09F6 /* Frameworks */,
				A59513F625821F0600EC09F6 /* Resources */,
			);
			buildRules = (
			);
			dependencies = (
			);
			name = HW3.1;
			productName = HW3.1;
			productReference = A59513F825821F0600EC09F6 /* HW3.1.app */;
			productType = "com.apple.product-type.application";
		};
/* End PBXNativeTarget section */

/* Begin PBXProject section */
		A59513F025821F0600EC09F6 /* Project object */ = {
			isa = PBXProject;
			attributes = {
				LastSwiftUpdateCheck = 1220;
				LastUpgradeCheck = 1220;
				TargetAttributes = {
					A59513F725821F0600EC09F6 = {
						CreatedOnToolsVersion = 12.2;
					};
				};
			};
			buildConfigurationList = A59513F325821F0600EC09F6 /* Build configuration list for PBXProject "HW3.1" */;
			compatibilityVersion = "Xcode 9.3";
			developmentRegion = en;
			hasScannedForEncodings = 0;
			knownRegions = (
				en,
				Base,
			);
			mainGroup = A59513EF25821F0600EC09F6;
			productRefGroup = A59513F925821F0600EC09F6 /* Products */;
			projectDirPath = "";
			projectRoot = "";
			targets = (
				A59513F725821F0600EC09F6 /* HW3.1 */,
			);
		};
/* End PBXProject section */

/* Begin PBXResourcesBuildPhase section */
		A59513F625821F0600EC09F6 /* Resources */ = {
			isa = PBXResourcesBuildPhase;
			buildActionMask = 2147483647;
			files = (
				A595140325821F0900EC09F6 /* Preview Assets.xcassets in Resources */,
				A595140025821F0900EC09F6 /* Assets.xcassets in Resources */,
			);
			runOnlyForDeploymentPostprocessing = 0;
		};
/* End PBXResourcesBuildPhase section */

/* Begin PBXSourcesBuildPhase section */
		A59513F425821F0600EC09F6 /* Sources */ = {
			isa = PBXSourcesBuildPhase;
			buildActionMask = 2147483647;
			files = (
				A595140D258222F800EC09F6 /* Light.swift in Sources */,
				A59513FE25821F0600EC09F6 /* TrafficLight.swift in Sources */,
				A595141025824AC100EC09F6 /* Extension + View.swift in Sources */,
				A59513FC25821F0600EC09F6 /* HW3_1App.swift in Sources */,
			);
			runOnlyForDeploymentPostprocessing = 0;
		};
/* End PBXSourcesBuildPhase section */

/* Begin XCBuildConfiguration section */
		A595140525821F0900EC09F6 /* Debug */ = {
			isa = XCBuildConfiguration;
			buildSettings = {
				ALWAYS_SEARCH_USER_PATHS = NO;
				CLANG_ANALYZER_NONNULL = YES;
				CLANG_ANALYZER_NUMBER_OBJECT_CONVERSION = YES_AGGRESSIVE;
				CLANG_CXX_LANGUAGE_STANDARD = "gnu++14";
				CLANG_CXX_LIBRARY = "libc++";
				CLANG_ENABLE_MODULES = YES;
				CLANG_ENABLE_OBJC_ARC = YES;
				CLANG_ENABLE_OBJC_WEAK = YES;
				CLANG_WARN_BLOCK_CAPTURE_AUTORELEASING = YES;
				CLANG_WARN_BOOL_CONVERSION = YES;
				CLANG_WARN_COMMA = YES;
				CLANG_WARN_CONSTANT_CONVERSION = YES;
				CLANG_WARN_DEPRECATED_OBJC_IMPLEMENTATIONS = YES;
				CLANG_WARN_DIRECT_OBJC_ISA_USAGE = YES_ERROR;
				CLANG_WARN_DOCUMENTATION_COMMENTS = YES;
				CLANG_WARN_EMPTY_BODY = YES;
				CLANG_WARN_ENUM_CONVERSION = YES;
				CLANG_WARN_INFINITE_RECURSION = YES;
				CLANG_WARN_INT_CONVERSION = YES;
				CLANG_WARN_NON_LITERAL_NULL_CONVERSION = YES;
				CLANG_WARN_OBJC_IMPLICIT_RETAIN_SELF = YES;
				CLANG_WARN_OBJC_LITERAL_CONVERSION = YES;
				CLANG_WARN_OBJC_ROOT_CLASS = YES_ERROR;
				CLANG_WARN_QUOTED_INCLUDE_IN_FRAMEWORK_HEADER = YES;
				CLANG_WARN_RANGE_LOOP_ANALYSIS = YES;
				CLANG_WARN_STRICT_PROTOTYPES = YES;
				CLANG_WARN_SUSPICIOUS_MOVE = YES;
				CLANG_WARN_UNGUARDED_AVAILABILITY = YES_AGGRESSIVE;
				CLANG_WARN_UNREACHABLE_CODE = YES;
				CLANG_WARN__DUPLICATE_METHOD_MATCH = YES;
				COPY_PHASE_STRIP = NO;
				DEBUG_INFORMATION_FORMAT = dwarf;
				ENABLE_STRICT_OBJC_MSGSEND = YES;
				ENABLE_TESTABILITY = YES;
				GCC_C_LANGUAGE_STANDARD = gnu11;
				GCC_DYNAMIC_NO_PIC = NO;
				GCC_NO_COMMON_BLOCKS = YES;
				GCC_OPTIMIZATION_LEVEL = 0;
				GCC_PREPROCESSOR_DEFINITIONS = (
					"DEBUG=1",
					"$(inherited)",
				);
				GCC_WARN_64_TO_32_BIT_CONVERSION = YES;
				GCC_WARN_ABOUT_RETURN_TYPE = YES_ERROR;
				GCC_WARN_UNDECLARED_SELECTOR = YES;
				GCC_WARN_UNINITIALIZED_AUTOS = YES_AGGRESSIVE;
				GCC_WARN_UNUSED_FUNCTION = YES;
				GCC_WARN_UNUSED_VARIABLE = YES;
				IPHONEOS_DEPLOYMENT_TARGET = 14.2;
				MTL_ENABLE_DEBUG_INFO = INCLUDE_SOURCE;
				MTL_FAST_MATH = YES;
				ONLY_ACTIVE_ARCH = YES;
				SDKROOT = iphoneos;
				SWIFT_ACTIVE_COMPILATION_CONDITIONS = DEBUG;
				SWIFT_OPTIMIZATION_LEVEL = "-Onone";
			};
			name = Debug;
		};
		A595140625821F0900EC09F6 /* Release */ = {
			isa = XCBuildConfiguration;
			buildSettings = {
				ALWAYS_SEARCH_USER_PATHS = NO;
				CLANG_ANALYZER_NONNULL = YES;
				CLANG_ANALYZER_NUMBER_OBJECT_CONVERSION = YES_AGGRESSIVE;
				CLANG_CXX_LANGUAGE_STANDARD = "gnu++14";
				CLANG_CXX_LIBRARY = "libc++";
				CLANG_ENABLE_MODULES = YES;
				CLANG_ENABLE_OBJC_ARC = YES;
				CLANG_ENABLE_OBJC_WEAK = YES;
				CLANG_WARN_BLOCK_CAPTURE_AUTORELEASING = YES;
				CLANG_WARN_BOOL_CONVERSION = YES;
				CLANG_WARN_COMMA = YES;
				CLANG_WARN_CONSTANT_CONVERSION = YES;
				CLANG_WARN_DEPRECATED_OBJC_IMPLEMENTATIONS = YES;
				CLANG_WARN_DIRECT_OBJC_ISA_USAGE = YES_ERROR;
				CLANG_WARN_DOCUMENTATION_COMMENTS = YES;
				CLANG_WARN_EMPTY_BODY = YES;
				CLANG_WARN_ENUM_CONVERSION = YES;
				CLANG_WARN_INFINITE_RECURSION = YES;
				CLANG_WARN_INT_CONVERSION = YES;
				CLANG_WARN_NON_LITERAL_NULL_CONVERSION = YES;
				CLANG_WARN_OBJC_IMPLICIT_RETAIN_SELF = YES;
				CLANG_WARN_OBJC_LITERAL_CONVERSION = YES;
				CLANG_WARN_OBJC_ROOT_CLASS = YES_ERROR;
				CLANG_WARN_QUOTED_INCLUDE_IN_FRAMEWORK_HEADER = YES;
				CLANG_WARN_RANGE_LOOP_ANALYSIS = YES;
				CLANG_WARN_STRICT_PROTOTYPES = YES;
				CLANG_WARN_SUSPICIOUS_MOVE = YES;
				CLANG_WARN_UNGUARDED_AVAILABILITY = YES_AGGRESSIVE;
				CLANG_WARN_UNREACHABLE_CODE = YES;
				CLANG_WARN__DUPLICATE_METHOD_MATCH = YES;
				COPY_PHASE_STRIP = NO;
				DEBUG_INFORMATION_FORMAT = "dwarf-with-dsym";
				ENABLE_NS_ASSERTIONS = NO;
				ENABLE_STRICT_OBJC_MSGSEND = YES;
				GCC_C_LANGUAGE_STANDARD = gnu11;
				GCC_NO_COMMON_BLOCKS = YES;
				GCC_WARN_64_TO_32_BIT_CONVERSION = YES;
				GCC_WARN_ABOUT_RETURN_TYPE = YES_ERROR;
				GCC_WARN_UNDECLARED_SELECTOR = YES;
				GCC_WARN_UNINITIALIZED_AUTOS = YES_AGGRESSIVE;
				GCC_WARN_UNUSED_FUNCTION = YES;
				GCC_WARN_UNUSED_VARIABLE = YES;
				IPHONEOS_DEPLOYMENT_TARGET = 14.2;
				MTL_ENABLE_DEBUG_INFO = NO;
				MTL_FAST_MATH = YES;
				SDKROOT = iphoneos;
				SWIFT_COMPILATION_MODE = wholemodule;
				SWIFT_OPTIMIZATION_LEVEL = "-O";
				VALIDATE_PRODUCT = YES;
			};
			name = Release;
		};
		A595140825821F0900EC09F6 /* Debug */ = {
			isa = XCBuildConfiguration;
			buildSettings = {
				ASSETCATALOG_COMPILER_APPICON_NAME = AppIcon;
				ASSETCATALOG_COMPILER_GLOBAL_ACCENT_COLOR_NAME = AccentColor;
				CODE_SIGN_STYLE = Automatic;
				DEVELOPMENT_ASSET_PATHS = "\"HW3.1/Preview Content\"";
				DEVELOPMENT_TEAM = RNER64Q73Y;
				ENABLE_PREVIEWS = YES;
				INFOPLIST_FILE = HW3.1/Info.plist;
				IPHONEOS_DEPLOYMENT_TARGET = 14.0;
				LD_RUNPATH_SEARCH_PATHS = (
					"$(inherited)",
					"@executable_path/Frameworks",
				);
				PRODUCT_BUNDLE_IDENTIFIER = "ageres7.HW3-1";
				PRODUCT_NAME = "$(TARGET_NAME)";
				SWIFT_VERSION = 5.0;
				TARGETED_DEVICE_FAMILY = 1;
			};
			name = Debug;
		};
		A595140925821F0900EC09F6 /* Release */ = {
			isa = XCBuildConfiguration;
			buildSettings = {
				ASSETCATALOG_COMPILER_APPICON_NAME = AppIcon;
				ASSETCATALOG_COMPILER_GLOBAL_ACCENT_COLOR_NAME = AccentColor;
				CODE_SIGN_STYLE = Automatic;
				DEVELOPMENT_ASSET_PATHS = "\"HW3.1/Preview Content\"";
				DEVELOPMENT_TEAM = RNER64Q73Y;
				ENABLE_PREVIEWS = YES;
				INFOPLIST_FILE = HW3.1/Info.plist;
				IPHONEOS_DEPLOYMENT_TARGET = 14.0;
				LD_RUNPATH_SEARCH_PATHS = (
					"$(inherited)",
					"@executable_path/Frameworks",
				);
				PRODUCT_BUNDLE_IDENTIFIER = "ageres7.HW3-1";
				PRODUCT_NAME = "$(TARGET_NAME)";
				SWIFT_VERSION = 5.0;
				TARGETED_DEVICE_FAMILY = 1;
			};
			name = Release;
		};
/* End XCBuildConfiguration section */

/* Begin XCConfigurationList section */
		A59513F325821F0600EC09F6 /* Build configuration list for PBXProject "HW3.1" */ = {
			isa = XCConfigurationList;
			buildConfigurations = (
				A595140525821F0900EC09F6 /* Debug */,
				A595140625821F0900EC09F6 /* Release */,
			);
			defaultConfigurationIsVisible = 0;
			defaultConfigurationName = Release;
		};
		A595140725821F0900EC09F6 /* Build configuration list for PBXNativeTarget "HW3.1" */ = {
			isa = XCConfigurationList;
			buildConfigurations = (
				A595140825821F0900EC09F6 /* Debug */,
				A595140925821F0900EC09F6 /* Release */,
			);
			defaultConfigurationIsVisible = 0;
			defaultConfigurationName = Release;
		};
/* End XCConfigurationList section */
	};
	rootObject = A59513F025821F0600EC09F6 /* Project object */;
}
